
Microsoft Visual Studio Solution File, Format Version 12.00
# Visual Studio Version 16
VisualStudioVersion = 16.0.30709.132
MinimumVisualStudioVersion = 10.0.40219.1
Project("{FAE04EC0-301F-11D3-BF4B-00C04F79EFBC}") = "RandomNumberGeneratorWinForms", "RandomNumberGeneratorWinForms\RandomNumberGeneratorWinForms.csproj", "{9102012C-E956-4D71-95BD-FE4A911F0372}"
EndProject
Project("{FAE04EC0-301F-11D3-BF4B-00C04F79EFBC}") = "RandomNumberGeneratorWpf", "RandomNumberGeneratorWpf\RandomNumberGeneratorWpf.csproj", "{4A881E11-334B-4E04-B04F-69234B4B28E5}"
EndProject
Project("{9A19103F-16F7-4668-BE54-9A1E7A4F7556}") = "RandomNumberGeneratorWpfNetCore", "RandomNumberGeneratorWpfNetCore\RandomNumberGeneratorWpfNetCore.csproj", "{07C08CBE-D20D-4209-B987-953C79978C66}"
EndProject
Project("{9A19103F-16F7-4668-BE54-9A1E7A4F7556}") = "RandomNumberGeneratorWinFormsNetCore", "RandomNumberGeneratorWinFormsNetCore\RandomNumberGeneratorWinFormsNetCore.csproj", "{1BB152A7-17B0-4A89-887F-E46420EDC064}"
EndProject
Project("{9A19103F-16F7-4668-BE54-9A1E7A4F7556}") = "RandomNumberGeneratorWinFormsNet", "RandomNumberGeneratorWinFormsNet\RandomNumberGeneratorWinFormsNet.csproj", "{56178675-2191-45D8-BCB3-4D49A1E2B8E8}"
EndProject
Project("{9A19103F-16F7-4668-BE54-9A1E7A4F7556}") = "RandomNumberGeneratorWpfNet", "RandomNumberGeneratorWpfNet\RandomNumberGeneratorWpfNet.csproj", "{50F1F603-3E59-4BBC-95F6-C8540292B669}"
EndProject
Project("{9A19103F-16F7-4668-BE54-9A1E7A4F7556}") = "RandomNumberGeneratorLib", "RandomNumberGeneratorLib\RandomNumberGeneratorLib.csproj", "{DD2D70EB-BE4B-4B51-B7B7-CE588500CA83}"
EndProject
Project("{FAE04EC0-301F-11D3-BF4B-00C04F79EFBC}") = "RandomNumberGeneratorWinFormsLib", "RandomNumberGeneratorWinFormsLib\RandomNumberGeneratorWinFormsLib.csproj", "{6FAFCD46-F5EA-4A28-988D-8EE8B1EB7A55}"
EndProject
Project("{FAE04EC0-301F-11D3-BF4B-00C04F79EFBC}") = "RandomNumberGeneratorWpfLib", "RandomNumberGeneratorWpfLib\RandomNumberGeneratorWpfLib.csproj", "{31CF18D2-950B-4729-A767-FD85AC93C0D5}"
EndProject
Global
	GlobalSection(SolutionConfigurationPlatforms) = preSolution
		Debug|Any CPU = Debug|Any CPU
		Debug|ARM = Debug|ARM
		Debug|ARM64 = Debug|ARM64
		Debug|x64 = Debug|x64
		Debug|x86 = Debug|x86
		Release|Any CPU = Release|Any CPU
		Release|ARM = Release|ARM
		Release|ARM64 = Release|ARM64
		Release|x64 = Release|x64
		Release|x86 = Release|x86
	EndGlobalSection
	GlobalSection(ProjectConfigurationPlatforms) = postSolution
		{9102012C-E956-4D71-95BD-FE4A911F0372}.Debug|Any CPU.ActiveCfg = Debug|Any CPU
		{9102012C-E956-4D71-95BD-FE4A911F0372}.Debug|Any CPU.Build.0 = Debug|Any CPU
		{9102012C-E956-4D71-95BD-FE4A911F0372}.Debug|ARM.ActiveCfg = Debug|Any CPU
		{9102012C-E956-4D71-95BD-FE4A911F0372}.Debug|ARM.Build.0 = Debug|Any CPU
		{9102012C-E956-4D71-95BD-FE4A911F0372}.Debug|ARM64.ActiveCfg = Debug|Any CPU
		{9102012C-E956-4D71-95BD-FE4A911F0372}.Debug|ARM64.Build.0 = Debug|Any CPU
		{9102012C-E956-4D71-95BD-FE4A911F0372}.Debug|x64.ActiveCfg = Debug|Any CPU
		{9102012C-E956-4D71-95BD-FE4A911F0372}.Debug|x64.Build.0 = Debug|Any CPU
		{9102012C-E956-4D71-95BD-FE4A911F0372}.Debug|x86.ActiveCfg = Debug|Any CPU
		{9102012C-E956-4D71-95BD-FE4A911F0372}.Debug|x86.Build.0 = Debug|Any CPU
		{9102012C-E956-4D71-95BD-FE4A911F0372}.Release|Any CPU.ActiveCfg = Release|Any CPU
		{9102012C-E956-4D71-95BD-FE4A911F0372}.Release|Any CPU.Build.0 = Release|Any CPU
		{9102012C-E956-4D71-95BD-FE4A911F0372}.Release|ARM.ActiveCfg = Release|Any CPU
		{9102012C-E956-4D71-95BD-FE4A911F0372}.Release|ARM.Build.0 = Release|Any CPU
		{9102012C-E956-4D71-95BD-FE4A911F0372}.Release|ARM64.ActiveCfg = Release|Any CPU
		{9102012C-E956-4D71-95BD-FE4A911F0372}.Release|ARM64.Build.0 = Release|Any CPU
		{9102012C-E956-4D71-95BD-FE4A911F0372}.Release|x64.ActiveCfg = Release|Any CPU
		{9102012C-E956-4D71-95BD-FE4A911F0372}.Release|x64.Build.0 = Release|Any CPU
		{9102012C-E956-4D71-95BD-FE4A911F0372}.Release|x86.ActiveCfg = Release|Any CPU
		{9102012C-E956-4D71-95BD-FE4A911F0372}.Release|x86.Build.0 = Release|Any CPU
		{4A881E11-334B-4E04-B04F-69234B4B28E5}.Debug|Any CPU.ActiveCfg = Debug|Any CPU
		{4A881E11-334B-4E04-B04F-69234B4B28E5}.Debug|Any CPU.Build.0 = Debug|Any CPU
		{4A881E11-334B-4E04-B04F-69234B4B28E5}.Debug|ARM.ActiveCfg = Debug|Any CPU
		{4A881E11-334B-4E04-B04F-69234B4B28E5}.Debug|ARM.Build.0 = Debug|Any CPU
		{4A881E11-334B-4E04-B04F-69234B4B28E5}.Debug|ARM64.ActiveCfg = Debug|Any CPU
		{4A881E11-334B-4E04-B04F-69234B4B28E5}.Debug|ARM64.Build.0 = Debug|Any CPU
		{4A881E11-334B-4E04-B04F-69234B4B28E5}.Debug|x64.ActiveCfg = Debug|Any CPU
		{4A881E11-334B-4E04-B04F-69234B4B28E5}.Debug|x64.Build.0 = Debug|Any CPU
		{4A881E11-334B-4E04-B04F-69234B4B28E5}.Debug|x86.ActiveCfg = Debug|Any CPU
		{4A881E11-334B-4E04-B04F-69234B4B28E5}.Debug|x86.Build.0 = Debug|Any CPU
		{4A881E11-334B-4E04-B04F-69234B4B28E5}.Release|Any CPU.ActiveCfg = Release|Any CPU
		{4A881E11-334B-4E04-B04F-69234B4B28E5}.Release|Any CPU.Build.0 = Release|Any CPU
		{4A881E11-334B-4E04-B04F-69234B4B28E5}.Release|ARM.ActiveCfg = Release|Any CPU
		{4A881E11-334B-4E04-B04F-69234B4B28E5}.Release|ARM.Build.0 = Release|Any CPU
		{4A881E11-334B-4E04-B04F-69234B4B28E5}.Release|ARM64.ActiveCfg = Release|Any CPU
		{4A881E11-334B-4E04-B04F-69234B4B28E5}.Release|ARM64.Build.0 = Release|Any CPU
		{4A881E11-334B-4E04-B04F-69234B4B28E5}.Release|x64.ActiveCfg = Release|Any CPU
		{4A881E11-334B-4E04-B04F-69234B4B28E5}.Release|x64.Build.0 = Release|Any CPU
		{4A881E11-334B-4E04-B04F-69234B4B28E5}.Release|x86.ActiveCfg = Release|Any CPU
		{4A881E11-334B-4E04-B04F-69234B4B28E5}.Release|x86.Build.0 = Release|Any CPU
		{07C08CBE-D20D-4209-B987-953C79978C66}.Debug|Any CPU.ActiveCfg = Debug|Any CPU
		{07C08CBE-D20D-4209-B987-953C79978C66}.Debug|Any CPU.Build.0 = Debug|Any CPU
		{07C08CBE-D20D-4209-B987-953C79978C66}.Debug|ARM.ActiveCfg = Debug|Any CPU
		{07C08CBE-D20D-4209-B987-953C79978C66}.Debug|ARM.Build.0 = Debug|Any CPU
		{07C08CBE-D20D-4209-B987-953C79978C66}.Debug|ARM64.ActiveCfg = Debug|Any CPU
		{07C08CBE-D20D-4209-B987-953C79978C66}.Debug|ARM64.Build.0 = Debug|Any CPU
		{07C08CBE-D20D-4209-B987-953C79978C66}.Debug|x64.ActiveCfg = Debug|Any CPU
		{07C08CBE-D20D-4209-B987-953C79978C66}.Debug|x64.Build.0 = Debug|Any CPU
		{07C08CBE-D20D-4209-B987-953C79978C66}.Debug|x86.ActiveCfg = Debug|Any CPU
		{07C08CBE-D20D-4209-B987-953C79978C66}.Debug|x86.Build.0 = Debug|Any CPU
		{07C08CBE-D20D-4209-B987-953C79978C66}.Release|Any CPU.ActiveCfg = Release|Any CPU
		{07C08CBE-D20D-4209-B987-953C79978C66}.Release|Any CPU.Build.0 = Release|Any CPU
		{07C08CBE-D20D-4209-B987-953C79978C66}.Release|ARM.ActiveCfg = Release|Any CPU
		{07C08CBE-D20D-4209-B987-953C79978C66}.Release|ARM.Build.0 = Release|Any CPU
		{07C08CBE-D20D-4209-B987-953C79978C66}.Release|ARM64.ActiveCfg = Release|Any CPU
		{07C08CBE-D20D-4209-B987-953C79978C66}.Release|ARM64.Build.0 = Release|Any CPU
		{07C08CBE-D20D-4209-B987-953C79978C66}.Release|x64.ActiveCfg = Release|Any CPU
		{07C08CBE-D20D-4209-B987-953C79978C66}.Release|x64.Build.0 = Release|Any CPU
		{07C08CBE-D20D-4209-B987-953C79978C66}.Release|x86.ActiveCfg = Release|Any CPU
		{07C08CBE-D20D-4209-B987-953C79978C66}.Release|x86.Build.0 = Release|Any CPU
		{1BB152A7-17B0-4A89-887F-E46420EDC064}.Debug|Any CPU.ActiveCfg = Debug|Any CPU
		{1BB152A7-17B0-4A89-887F-E46420EDC064}.Debug|Any CPU.Build.0 = Debug|Any CPU
		{1BB152A7-17B0-4A89-887F-E46420EDC064}.Debug|ARM.ActiveCfg = Debug|Any CPU
		{1BB152A7-17B0-4A89-887F-E46420EDC064}.Debug|ARM.Build.0 = Debug|Any CPU
		{1BB152A7-17B0-4A89-887F-E46420EDC064}.Debug|ARM64.ActiveCfg = Debug|Any CPU
		{1BB152A7-17B0-4A89-887F-E46420EDC064}.Debug|ARM64.Build.0 = Debug|Any CPU
		{1BB152A7-17B0-4A89-887F-E46420EDC064}.Debug|x64.ActiveCfg = Debug|Any CPU
		{1BB152A7-17B0-4A89-887F-E46420EDC064}.Debug|x64.Build.0 = Debug|Any CPU
		{1BB152A7-17B0-4A89-887F-E46420EDC064}.Debug|x86.ActiveCfg = Debug|Any CPU
		{1BB152A7-17B0-4A89-887F-E46420EDC064}.Debug|x86.Build.0 = Debug|Any CPU
		{1BB152A7-17B0-4A89-887F-E46420EDC064}.Release|Any CPU.ActiveCfg = Release|Any CPU
		{1BB152A7-17B0-4A89-887F-E46420EDC064}.Release|Any CPU.Build.0 = Release|Any CPU
		{1BB152A7-17B0-4A89-887F-E46420EDC064}.Release|ARM.ActiveCfg = Release|Any CPU
		{1BB152A7-17B0-4A89-887F-E46420EDC064}.Release|ARM.Build.0 = Release|Any CPU
		{1BB152A7-17B0-4A89-887F-E46420EDC064}.Release|ARM64.ActiveCfg = Release|Any CPU
		{1BB152A7-17B0-4A89-887F-E46420EDC064}.Release|ARM64.Build.0 = Release|Any CPU
		{1BB152A7-17B0-4A89-887F-E46420EDC064}.Release|x64.ActiveCfg = Release|Any CPU
		{1BB152A7-17B0-4A89-887F-E46420EDC064}.Release|x64.Build.0 = Release|Any CPU
		{1BB152A7-17B0-4A89-887F-E46420EDC064}.Release|x86.ActiveCfg = Release|Any CPU
		{1BB152A7-17B0-4A89-887F-E46420EDC064}.Release|x86.Build.0 = Release|Any CPU
		{56178675-2191-45D8-BCB3-4D49A1E2B8E8}.Debug|Any CPU.ActiveCfg = Debug|Any CPU
		{56178675-2191-45D8-BCB3-4D49A1E2B8E8}.Debug|Any CPU.Build.0 = Debug|Any CPU
		{56178675-2191-45D8-BCB3-4D49A1E2B8E8}.Debug|ARM.ActiveCfg = Debug|Any CPU
		{56178675-2191-45D8-BCB3-4D49A1E2B8E8}.Debug|ARM.Build.0 = Debug|Any CPU
		{56178675-2191-45D8-BCB3-4D49A1E2B8E8}.Debug|ARM64.ActiveCfg = Debug|Any CPU
		{56178675-2191-45D8-BCB3-4D49A1E2B8E8}.Debug|ARM64.Build.0 = Debug|Any CPU
		{56178675-2191-45D8-BCB3-4D49A1E2B8E8}.Debug|x64.ActiveCfg = Debug|Any CPU
		{56178675-2191-45D8-BCB3-4D49A1E2B8E8}.Debug|x64.Build.0 = Debug|Any CPU
		{56178675-2191-45D8-BCB3-4D49A1E2B8E8}.Debug|x86.ActiveCfg = Debug|Any CPU
		{56178675-2191-45D8-BCB3-4D49A1E2B8E8}.Debug|x86.Build.0 = Debug|Any CPU
		{56178675-2191-45D8-BCB3-4D49A1E2B8E8}.Release|Any CPU.ActiveCfg = Release|Any CPU
		{56178675-2191-45D8-BCB3-4D49A1E2B8E8}.Release|Any CPU.Build.0 = Release|Any CPU
		{56178675-2191-45D8-BCB3-4D49A1E2B8E8}.Release|ARM.ActiveCfg = Release|Any CPU
		{56178675-2191-45D8-BCB3-4D49A1E2B8E8}.Release|ARM.Build.0 = Release|Any CPU
		{56178675-2191-45D8-BCB3-4D49A1E2B8E8}.Release|ARM64.ActiveCfg = Release|Any CPU
		{56178675-2191-45D8-BCB3-4D49A1E2B8E8}.Release|ARM64.Build.0 = Release|Any CPU
		{56178675-2191-45D8-BCB3-4D49A1E2B8E8}.Release|x64.ActiveCfg = Release|Any CPU
		{56178675-2191-45D8-BCB3-4D49A1E2B8E8}.Release|x64.Build.0 = Release|Any CPU
		{56178675-2191-45D8-BCB3-4D49A1E2B8E8}.Release|x86.ActiveCfg = Release|Any CPU
		{56178675-2191-45D8-BCB3-4D49A1E2B8E8}.Release|x86.Build.0 = Release|Any CPU
		{50F1F603-3E59-4BBC-95F6-C8540292B669}.Debug|Any CPU.ActiveCfg = Debug|Any CPU
		{50F1F603-3E59-4BBC-95F6-C8540292B669}.Debug|Any CPU.Build.0 = Debug|Any CPU
		{50F1F603-3E59-4BBC-95F6-C8540292B669}.Debug|ARM.ActiveCfg = Debug|Any CPU
		{50F1F603-3E59-4BBC-95F6-C8540292B669}.Debug|ARM.Build.0 = Debug|Any CPU
		{50F1F603-3E59-4BBC-95F6-C8540292B669}.Debug|ARM64.ActiveCfg = Debug|Any CPU
		{50F1F603-3E59-4BBC-95F6-C8540292B669}.Debug|ARM64.Build.0 = Debug|Any CPU
		{50F1F603-3E59-4BBC-95F6-C8540292B669}.Debug|x64.ActiveCfg = Debug|Any CPU
		{50F1F603-3E59-4BBC-95F6-C8540292B669}.Debug|x64.Build.0 = Debug|Any CPU
		{50F1F603-3E59-4BBC-95F6-C8540292B669}.Debug|x86.ActiveCfg = Debug|Any CPU
		{50F1F603-3E59-4BBC-95F6-C8540292B669}.Debug|x86.Build.0 = Debug|Any CPU
		{50F1F603-3E59-4BBC-95F6-C8540292B669}.Release|Any CPU.ActiveCfg = Release|Any CPU
		{50F1F603-3E59-4BBC-95F6-C8540292B669}.Release|Any CPU.Build.0 = Release|Any CPU
		{50F1F603-3E59-4BBC-95F6-C8540292B669}.Release|ARM.ActiveCfg = Release|Any CPU
		{50F1F603-3E59-4BBC-95F6-C8540292B669}.Release|ARM.Build.0 = Release|Any CPU
		{50F1F603-3E59-4BBC-95F6-C8540292B669}.Release|ARM64.ActiveCfg = Release|Any CPU
		{50F1F603-3E59-4BBC-95F6-C8540292B669}.Release|ARM64.Build.0 = Release|Any CPU
		{50F1F603-3E59-4BBC-95F6-C8540292B669}.Release|x64.ActiveCfg = Release|Any CPU
		{50F1F603-3E59-4BBC-95F6-C8540292B669}.Release|x64.Build.0 = Release|Any CPU
		{50F1F603-3E59-4BBC-95F6-C8540292B669}.Release|x86.ActiveCfg = Release|Any CPU
		{50F1F603-3E59-4BBC-95F6-C8540292B669}.Release|x86.Build.0 = Release|Any CPU
		{DD2D70EB-BE4B-4B51-B7B7-CE588500CA83}.Debug|Any CPU.ActiveCfg = Debug|Any CPU
		{DD2D70EB-BE4B-4B51-B7B7-CE588500CA83}.Debug|Any CPU.Build.0 = Debug|Any CPU
		{DD2D70EB-BE4B-4B51-B7B7-CE588500CA83}.Debug|ARM.ActiveCfg = Debug|Any CPU
		{DD2D70EB-BE4B-4B51-B7B7-CE588500CA83}.Debug|ARM.Build.0 = Debug|Any CPU
		{DD2D70EB-BE4B-4B51-B7B7-CE588500CA83}.Debug|ARM64.ActiveCfg = Debug|Any CPU
		{DD2D70EB-BE4B-4B51-B7B7-CE588500CA83}.Debug|ARM64.Build.0 = Debug|Any CPU
		{DD2D70EB-BE4B-4B51-B7B7-CE588500CA83}.Debug|x64.ActiveCfg = Debug|Any CPU
		{DD2D70EB-BE4B-4B51-B7B7-CE588500CA83}.Debug|x64.Build.0 = Debug|Any CPU
		{DD2D70EB-BE4B-4B51-B7B7-CE588500CA83}.Debug|x86.ActiveCfg = Debug|Any CPU
		{DD2D70EB-BE4B-4B51-B7B7-CE588500CA83}.Debug|x86.Build.0 = Debug|Any CPU
		{DD2D70EB-BE4B-4B51-B7B7-CE588500CA83}.Release|Any CPU.ActiveCfg = Release|Any CPU
		{DD2D70EB-BE4B-4B51-B7B7-CE588500CA83}.Release|Any CPU.Build.0 = Release|Any CPU
		{DD2D70EB-BE4B-4B51-B7B7-CE588500CA83}.Release|ARM.ActiveCfg = Release|Any CPU
		{DD2D70EB-BE4B-4B51-B7B7-CE588500CA83}.Release|ARM.Build.0 = Release|Any CPU
		{DD2D70EB-BE4B-4B51-B7B7-CE588500CA83}.Release|ARM64.ActiveCfg = Release|Any CPU
		{DD2D70EB-BE4B-4B51-B7B7-CE588500CA83}.Release|ARM64.Build.0 = Release|Any CPU
		{DD2D70EB-BE4B-4B51-B7B7-CE588500CA83}.Release|x64.ActiveCfg = Release|Any CPU
		{DD2D70EB-BE4B-4B51-B7B7-CE588500CA83}.Release|x64.Build.0 = Release|Any CPU
		{DD2D70EB-BE4B-4B51-B7B7-CE588500CA83}.Release|x86.ActiveCfg = Release|Any CPU
		{DD2D70EB-BE4B-4B51-B7B7-CE588500CA83}.Release|x86.Build.0 = Release|Any CPU
		{6FAFCD46-F5EA-4A28-988D-8EE8B1EB7A55}.Debug|Any CPU.ActiveCfg = Debug|Any CPU
		{6FAFCD46-F5EA-4A28-988D-8EE8B1EB7A55}.Debug|Any CPU.Build.0 = Debug|Any CPU
		{6FAFCD46-F5EA-4A28-988D-8EE8B1EB7A55}.Debug|ARM.ActiveCfg = Debug|Any CPU
		{6FAFCD46-F5EA-4A28-988D-8EE8B1EB7A55}.Debug|ARM.Build.0 = Debug|Any CPU
		{6FAFCD46-F5EA-4A28-988D-8EE8B1EB7A55}.Debug|ARM64.ActiveCfg = Debug|Any CPU
		{6FAFCD46-F5EA-4A28-988D-8EE8B1EB7A55}.Debug|ARM64.Build.0 = Debug|Any CPU
		{6FAFCD46-F5EA-4A28-988D-8EE8B1EB7A55}.Debug|x64.ActiveCfg = Debug|Any CPU
		{6FAFCD46-F5EA-4A28-988D-8EE8B1EB7A55}.Debug|x64.Build.0 = Debug|Any CPU
		{6FAFCD46-F5EA-4A28-988D-8EE8B1EB7A55}.Debug|x86.ActiveCfg = Debug|Any CPU
		{6FAFCD46-F5EA-4A28-988D-8EE8B1EB7A55}.Debug|x86.Build.0 = Debug|Any CPU
		{6FAFCD46-F5EA-4A28-988D-8EE8B1EB7A55}.Release|Any CPU.ActiveCfg = Release|Any CPU
		{6FAFCD46-F5EA-4A28-988D-8EE8B1EB7A55}.Release|Any CPU.Build.0 = Release|Any CPU
		{6FAFCD46-F5EA-4A28-988D-8EE8B1EB7A55}.Release|ARM.ActiveCfg = Release|Any CPU
		{6FAFCD46-F5EA-4A28-988D-8EE8B1EB7A55}.Release|ARM.Build.0 = Release|Any CPU
		{6FAFCD46-F5EA-4A28-988D-8EE8B1EB7A55}.Release|ARM64.ActiveCfg = Release|Any CPU
		{6FAFCD46-F5EA-4A28-988D-8EE8B1EB7A55}.Release|ARM64.Build.0 = Release|Any CPU
		{6FAFCD46-F5EA-4A28-988D-8EE8B1EB7A55}.Release|x64.ActiveCfg = Release|Any CPU
		{6FAFCD46-F5EA-4A28-988D-8EE8B1EB7A55}.Release|x64.Build.0 = Release|Any CPU
		{6FAFCD46-F5EA-4A28-988D-8EE8B1EB7A55}.Release|x86.ActiveCfg = Release|Any CPU
		{6FAFCD46-F5EA-4A28-988D-8EE8B1EB7A55}.Release|x86.Build.0 = Release|Any CPU
		{31CF18D2-950B-4729-A767-FD85AC93C0D5}.Debug|Any CPU.ActiveCfg = Debug|Any CPU
		{31CF18D2-950B-4729-A767-FD85AC93C0D5}.Debug|Any CPU.Build.0 = Debug|Any CPU
		{31CF18D2-950B-4729-A767-FD85AC93C0D5}.Debug|ARM.ActiveCfg = Debug|Any CPU
		{31CF18D2-950B-4729-A767-FD85AC93C0D5}.Debug|ARM.Build.0 = Debug|Any CPU
		{31CF18D2-950B-4729-A767-FD85AC93C0D5}.Debug|ARM64.ActiveCfg = Debug|Any CPU
		{31CF18D2-950B-4729-A767-FD85AC93C0D5}.Debug|ARM64.Build.0 = Debug|Any CPU
		{31CF18D2-950B-4729-A767-FD85AC93C0D5}.Debug|x64.ActiveCfg = Debug|Any CPU
		{31CF18D2-950B-4729-A767-FD85AC93C0D5}.Debug|x64.Build.0 = Debug|Any CPU
		{31CF18D2-950B-4729-A767-FD85AC93C0D5}.Debug|x86.ActiveCfg = Debug|Any CPU
		{31CF18D2-950B-4729-A767-FD85AC93C0D5}.Debug|x86.Build.0 = Debug|Any CPU
		{31CF18D2-950B-4729-A767-FD85AC93C0D5}.Release|Any CPU.ActiveCfg = Release|Any CPU
		{31CF18D2-950B-4729-A767-FD85AC93C0D5}.Release|Any CPU.Build.0 = Release|Any CPU
		{31CF18D2-950B-4729-A767-FD85AC93C0D5}.Release|ARM.ActiveCfg = Release|Any CPU
		{31CF18D2-950B-4729-A767-FD85AC93C0D5}.Release|ARM.Build.0 = Release|Any CPU
		{31CF18D2-950B-4729-A767-FD85AC93C0D5}.Release|ARM64.ActiveCfg = Release|Any CPU
		{31CF18D2-950B-4729-A767-FD85AC93C0D5}.Release|ARM64.Build.0 = Release|Any CPU
		{31CF18D2-950B-4729-A767-FD85AC93C0D5}.Release|x64.ActiveCfg = Release|Any CPU
		{31CF18D2-950B-4729-A767-FD85AC93C0D5}.Release|x64.Build.0 = Release|Any CPU
		{31CF18D2-950B-4729-A767-FD85AC93C0D5}.Release|x86.ActiveCfg = Release|Any CPU
		{31CF18D2-950B-4729-A767-FD85AC93C0D5}.Release|x86.Build.0 = Release|Any CPU
	EndGlobalSection
	GlobalSection(SolutionProperties) = preSolution
		HideSolutionNode = FALSE
	EndGlobalSection
	GlobalSection(ExtensibilityGlobals) = postSolution
		SolutionGuid = {87A55749-3771-4ECA-9B57-EC62317149C2}
	EndGlobalSection
EndGlobal
