
Microsoft Visual Studio Solution File, Format Version 12.00
# Visual Studio Version 16
VisualStudioVersion = 16.0.30804.86
MinimumVisualStudioVersion = 10.0.40219.1
Project("{9A19103F-16F7-4668-BE54-9A1E7A4F7556}") = "DataStructures", "DataStructures\DataStructures.csproj", "{0F10ED19-669F-4F7E-B833-9D641974EF5B}"
	ProjectSection(ProjectDependencies) = postProject
		{216C90E4-3260-4B8F-A2C0-9894C2D41176} = {216C90E4-3260-4B8F-A2C0-9894C2D41176}
	EndProjectSection
EndProject
Project("{9A19103F-16F7-4668-BE54-9A1E7A4F7556}") = "LinkedList", "LinkedList\LinkedList.csproj", "{216C90E4-3260-4B8F-A2C0-9894C2D41176}"
EndProject
Project("{9A19103F-16F7-4668-BE54-9A1E7A4F7556}") = "LinkedList.Tests", "LinkedList.Tests\LinkedList.Tests.csproj", "{F8578880-65D4-4E27-A415-16A1E9EA72D6}"
EndProject
Project("{9A19103F-16F7-4668-BE54-9A1E7A4F7556}") = "DoublyLinkedList", "DoublyLinkedList\DoublyLinkedList.csproj", "{287EAC22-A0BD-4292-B31B-4C5710AEAF27}"
EndProject
Project("{FAE04EC0-301F-11D3-BF4B-00C04F79EFBC}") = "DoublyLinkedList.Tests", "DoublyLinkedList.Tests\DoublyLinkedList.Tests.csproj", "{4DF7D528-D88A-4081-B086-80B0CED7F1C3}"
EndProject
Global
	GlobalSection(SolutionConfigurationPlatforms) = preSolution
		Debug|Any CPU = Debug|Any CPU
		Release|Any CPU = Release|Any CPU
	EndGlobalSection
	GlobalSection(ProjectConfigurationPlatforms) = postSolution
		{0F10ED19-669F-4F7E-B833-9D641974EF5B}.Debug|Any CPU.ActiveCfg = Debug|Any CPU
		{0F10ED19-669F-4F7E-B833-9D641974EF5B}.Debug|Any CPU.Build.0 = Debug|Any CPU
		{0F10ED19-669F-4F7E-B833-9D641974EF5B}.Release|Any CPU.ActiveCfg = Release|Any CPU
		{0F10ED19-669F-4F7E-B833-9D641974EF5B}.Release|Any CPU.Build.0 = Release|Any CPU
		{216C90E4-3260-4B8F-A2C0-9894C2D41176}.Debug|Any CPU.ActiveCfg = Debug|Any CPU
		{216C90E4-3260-4B8F-A2C0-9894C2D41176}.Debug|Any CPU.Build.0 = Debug|Any CPU
		{216C90E4-3260-4B8F-A2C0-9894C2D41176}.Release|Any CPU.ActiveCfg = Release|Any CPU
		{216C90E4-3260-4B8F-A2C0-9894C2D41176}.Release|Any CPU.Build.0 = Release|Any CPU
		{F8578880-65D4-4E27-A415-16A1E9EA72D6}.Debug|Any CPU.ActiveCfg = Debug|Any CPU
		{F8578880-65D4-4E27-A415-16A1E9EA72D6}.Debug|Any CPU.Build.0 = Debug|Any CPU
		{F8578880-65D4-4E27-A415-16A1E9EA72D6}.Release|Any CPU.ActiveCfg = Release|Any CPU
		{F8578880-65D4-4E27-A415-16A1E9EA72D6}.Release|Any CPU.Build.0 = Release|Any CPU
		{287EAC22-A0BD-4292-B31B-4C5710AEAF27}.Debug|Any CPU.ActiveCfg = Debug|Any CPU
		{287EAC22-A0BD-4292-B31B-4C5710AEAF27}.Debug|Any CPU.Build.0 = Debug|Any CPU
		{287EAC22-A0BD-4292-B31B-4C5710AEAF27}.Release|Any CPU.ActiveCfg = Release|Any CPU
		{287EAC22-A0BD-4292-B31B-4C5710AEAF27}.Release|Any CPU.Build.0 = Release|Any CPU
		{4DF7D528-D88A-4081-B086-80B0CED7F1C3}.Debug|Any CPU.ActiveCfg = Debug|Any CPU
		{4DF7D528-D88A-4081-B086-80B0CED7F1C3}.Debug|Any CPU.Build.0 = Debug|Any CPU
		{4DF7D528-D88A-4081-B086-80B0CED7F1C3}.Release|Any CPU.ActiveCfg = Release|Any CPU
		{4DF7D528-D88A-4081-B086-80B0CED7F1C3}.Release|Any CPU.Build.0 = Release|Any CPU
	EndGlobalSection
	GlobalSection(SolutionProperties) = preSolution
		HideSolutionNode = FALSE
	EndGlobalSection
	GlobalSection(ExtensibilityGlobals) = postSolution
		SolutionGuid = {10BF8A82-0379-4CA5-B9CD-BE6EA99D91CE}
	EndGlobalSection
EndGlobal
