
Microsoft Visual Studio Solution File, Format Version 12.00
# Visual Studio Version 16
VisualStudioVersion = 16.0.30804.86
MinimumVisualStudioVersion = 10.0.40219.1
Project("{9A19103F-16F7-4668-BE54-9A1E7A4F7556}") = "PrimeService", "PrimeService\PrimeService.csproj", "{93DE0BD9-3DF9-457E-8A20-FE135FE3D30B}"
EndProject
Project("{FAE04EC0-301F-11D3-BF4B-00C04F79EFBC}") = "PrimeService.Tests", "PrimeService.Tests\PrimeService.Tests.csproj", "{7953A027-C028-4724-BEB3-F6BCCE45F01A}"
EndProject
Global
	GlobalSection(SolutionConfigurationPlatforms) = preSolution
		Debug|Any CPU = Debug|Any CPU
		Release|Any CPU = Release|Any CPU
	EndGlobalSection
	GlobalSection(ProjectConfigurationPlatforms) = postSolution
		{93DE0BD9-3DF9-457E-8A20-FE135FE3D30B}.Debug|Any CPU.ActiveCfg = Debug|Any CPU
		{93DE0BD9-3DF9-457E-8A20-FE135FE3D30B}.Debug|Any CPU.Build.0 = Debug|Any CPU
		{93DE0BD9-3DF9-457E-8A20-FE135FE3D30B}.Release|Any CPU.ActiveCfg = Release|Any CPU
		{93DE0BD9-3DF9-457E-8A20-FE135FE3D30B}.Release|Any CPU.Build.0 = Release|Any CPU
		{7953A027-C028-4724-BEB3-F6BCCE45F01A}.Debug|Any CPU.ActiveCfg = Debug|Any CPU
		{7953A027-C028-4724-BEB3-F6BCCE45F01A}.Debug|Any CPU.Build.0 = Debug|Any CPU
		{7953A027-C028-4724-BEB3-F6BCCE45F01A}.Release|Any CPU.ActiveCfg = Release|Any CPU
		{7953A027-C028-4724-BEB3-F6BCCE45F01A}.Release|Any CPU.Build.0 = Release|Any CPU
	EndGlobalSection
	GlobalSection(SolutionProperties) = preSolution
		HideSolutionNode = FALSE
	EndGlobalSection
	GlobalSection(ExtensibilityGlobals) = postSolution
		SolutionGuid = {505A104F-6965-40A6-8A72-C68088125DFB}
	EndGlobalSection
EndGlobal
